
Microsoft Visual Studio Solution File, Format Version 12.00
# Visual Studio Version 16
VisualStudioVersion = 16.0.30804.86
MinimumVisualStudioVersion = 10.0.40219.1
Project("{9A19103F-16F7-4668-BE54-9A1E7A4F7556}") = "dig", "dig\dig.csproj", "{21D54821-8924-44F8-A322-DF5F31EA753A}"
EndProject
Project("{FAE04EC0-301F-11D3-BF4B-00C04F79EFBC}") = "udp-client", "udp-client\udp-client.csproj", "{6CE92D56-3E44-4CBF-B44C-B36123B3F4E3}"
EndProject
Project("{FAE04EC0-301F-11D3-BF4B-00C04F79EFBC}") = "udp-server", "udp-server\udp-server.csproj", "{56ABD536-AAAB-4D54-8A25-1A631AE15017}"
EndProject
Global
	GlobalSection(SolutionConfigurationPlatforms) = preSolution
		Debug|Any CPU = Debug|Any CPU
		Release|Any CPU = Release|Any CPU
	EndGlobalSection
	GlobalSection(ProjectConfigurationPlatforms) = postSolution
		{21D54821-8924-44F8-A322-DF5F31EA753A}.Debug|Any CPU.ActiveCfg = Debug|Any CPU
		{21D54821-8924-44F8-A322-DF5F31EA753A}.Debug|Any CPU.Build.0 = Debug|Any CPU
		{21D54821-8924-44F8-A322-DF5F31EA753A}.Release|Any CPU.ActiveCfg = Release|Any CPU
		{21D54821-8924-44F8-A322-DF5F31EA753A}.Release|Any CPU.Build.0 = Release|Any CPU
		{6CE92D56-3E44-4CBF-B44C-B36123B3F4E3}.Debug|Any CPU.ActiveCfg = Debug|Any CPU
		{6CE92D56-3E44-4CBF-B44C-B36123B3F4E3}.Debug|Any CPU.Build.0 = Debug|Any CPU
		{6CE92D56-3E44-4CBF-B44C-B36123B3F4E3}.Release|Any CPU.ActiveCfg = Release|Any CPU
		{6CE92D56-3E44-4CBF-B44C-B36123B3F4E3}.Release|Any CPU.Build.0 = Release|Any CPU
		{56ABD536-AAAB-4D54-8A25-1A631AE15017}.Debug|Any CPU.ActiveCfg = Debug|Any CPU
		{56ABD536-AAAB-4D54-8A25-1A631AE15017}.Debug|Any CPU.Build.0 = Debug|Any CPU
		{56ABD536-AAAB-4D54-8A25-1A631AE15017}.Release|Any CPU.ActiveCfg = Release|Any CPU
		{56ABD536-AAAB-4D54-8A25-1A631AE15017}.Release|Any CPU.Build.0 = Release|Any CPU
	EndGlobalSection
	GlobalSection(SolutionProperties) = preSolution
		HideSolutionNode = FALSE
	EndGlobalSection
	GlobalSection(ExtensibilityGlobals) = postSolution
		SolutionGuid = {CECA3C2C-3A33-46C4-B35E-B478A953BED5}
	EndGlobalSection
EndGlobal
